
Microsoft Visual Studio Solution File, Format Version 12.00
# Visual Studio Version 16
VisualStudioVersion = 16.0.31729.503
MinimumVisualStudioVersion = 10.0.40219.1
Project("{FAE04EC0-301F-11D3-BF4B-00C04F79EFBC}") = "DotNetCorePubLinuxArm64", "DotNetCorePubLinuxArm64\DotNetCorePubLinuxArm64.csproj", "{39B79DF6-7AC3-4CEC-9AAA-4217241E9271}"
EndProject
Global
	GlobalSection(SolutionConfigurationPlatforms) = preSolution
		Debug|Any CPU = Debug|Any CPU
		Release|Any CPU = Release|Any CPU
	EndGlobalSection
	GlobalSection(ProjectConfigurationPlatforms) = postSolution
		{39B79DF6-7AC3-4CEC-9AAA-4217241E9271}.Debug|Any CPU.ActiveCfg = Debug|Any CPU
		{39B79DF6-7AC3-4CEC-9AAA-4217241E9271}.Debug|Any CPU.Build.0 = Debug|Any CPU
		{39B79DF6-7AC3-4CEC-9AAA-4217241E9271}.Release|Any CPU.ActiveCfg = Release|Any CPU
		{39B79DF6-7AC3-4CEC-9AAA-4217241E9271}.Release|Any CPU.Build.0 = Release|Any CPU
	EndGlobalSection
	GlobalSection(SolutionProperties) = preSolution
		HideSolutionNode = FALSE
	EndGlobalSection
	GlobalSection(ExtensibilityGlobals) = postSolution
		SolutionGuid = {7D59F3FA-DA46-491B-BA8F-9D5FA954F3D4}
	EndGlobalSection
EndGlobal
